<?xml version="1.0" encoding="utf-8"?>
<Project ToolsVersion="4.0" xmlns="http://schemas.microsoft.com/developer/msbuild/2003">
  <ItemGroup>
    <Filter Include="Source Files">
      <UniqueIdentifier>{4FC737F1-C7A5-4376-A066-2A32D752A2FF}</UniqueIdentifier>
      <Extensions>cpp;c;cc;cxx;def;odl;idl;hpj;bat;asm;asmx</Extensions>
    </Filter>
    <Filter Include="Header Files">
      <UniqueIdentifier>{93995380-89BD-4b04-88EB-625FBE52EBFB}</UniqueIdentifier>
      <Extensions>h;hpp;hxx;hm;inl;inc;xsd</Extensions>
    </Filter>
    <Filter Include="Resource Files">
      <UniqueIdentifier>{67DA6AB6-F800-4c08-8B7A-83BB121AAD01}</UniqueIdentifier>
      <Extensions>rc;ico;cur;bmp;dlg;rc2;rct;bin;rgs;gif;jpg;jpeg;jpe;resx;tiff;tif;png;wav</Extensions>
    </Filter>
  </ItemGroup>
  <ItemGroup>
    <ClCompile Include="common\Main.cc">
      <Filter>Source Files</Filter>
    </ClCompile>
    <ClCompile Include="common\SCoord.cc">
      <Filter>Source Files</Filter>
    </ClCompile>
    <ClCompile Include="windows\SGuard.cc">
      <Filter>Source Files</Filter>
    </ClCompile>
    <ClCompile Include="common\SMat.cc">
      <Filter>Source Files</Filter>
    </ClCompile>
    <ClCompile Include="common\SReader.cc">
      <Filter>Source Files</Filter>
    </ClCompile>
    <ClCompile Include="common\SSimulator.cc">
      <Filter>Source Files</Filter>
    </ClCompile>
    <ClCompile Include="windows\SSysTime.cc">
      <Filter>Source Files</Filter>
    </ClCompile>
    <ClCompile Include="windows\SThread.cc">
      <Filter>Source Files</Filter>
    </ClCompile>
    <ClCompile Include="common\SVehicle.cc">
      <Filter>Source Files</Filter>
    </ClCompile>
  </ItemGroup>
  <ItemGroup>
    <ClInclude Include="common\SCoord.h">
      <Filter>Header Files</Filter>
    </ClInclude>
    <ClInclude Include="common\SGuard.h">
      <Filter>Header Files</Filter>
    </ClInclude>
    <ClInclude Include="common\SMat.h">
      <Filter>Header Files</Filter>
    </ClInclude>
    <ClInclude Include="common\SReader.h">
      <Filter>Header Files</Filter>
    </ClInclude>
    <ClInclude Include="common\SSimulator.h">
      <Filter>Header Files</Filter>
    </ClInclude>
    <ClInclude Include="common\SSysTime.h">
      <Filter>Header Files</Filter>
    </ClInclude>
    <ClInclude Include="common\SThread.h">
      <Filter>Header Files</Filter>
    </ClInclude>
    <ClInclude Include="common\SVehicle.h">
      <Filter>Header Files</Filter>
    </ClInclude>
    <ClInclude Include="windows\types.h">
      <Filter>Header Files</Filter>
    </ClInclude>
  </ItemGroup>
</Project>